// !$*UTF8*$!
{
	archiveVersion = 1;
	classes = {
	};
	objectVersion = 56;
	objects = {

/* Begin PBXBuildFile section */
		A65D5DAC2CC5617200BE8B1A /* VanishMyImageApp.swift in Sources */ = {isa = PBXBuildFile; fileRef = A65D5DAB2CC5617200BE8B1A /* VanishMyImageApp.swift */; };
		A65D5DAE2CC5617200BE8B1A /* ContentView.swift in Sources */ = {isa = PBXBuildFile; fileRef = A65D5DAD2CC5617200BE8B1A /* ContentView.swift */; };
		A65D5DB02CC5617300BE8B1A /* Assets.xcassets in Resources */ = {isa = PBXBuildFile; fileRef = A65D5DAF2CC5617300BE8B1A /* Assets.xcassets */; };
		A65D5DB32CC5617300BE8B1A /* Preview Assets.xcassets in Resources */ = {isa = PBXBuildFile; fileRef = A65D5DB22CC5617300BE8B1A /* Preview Assets.xcassets */; };
		A65D5DB52CC5617300BE8B1A /* Persistence.swift in Sources */ = {isa = PBXBuildFile; fileRef = A65D5DB42CC5617300BE8B1A /* Persistence.swift */; };
		A65D5DB82CC5617300BE8B1A /* VanishMyImage.xcdatamodeld in Sources */ = {isa = PBXBuildFile; fileRef = A65D5DB62CC5617300BE8B1A /* VanishMyImage.xcdatamodeld */; };
		A65D5DC02CC561AE00BE8B1A /* SnapKit in Frameworks */ = {isa = PBXBuildFile; productRef = A65D5DBF2CC561AE00BE8B1A /* SnapKit */; settings = {ATTRIBUTES = (Required, ); }; };
		A65D5DC52CC564CC00BE8B1A /* Lottie in Frameworks */ = {isa = PBXBuildFile; productRef = A65D5DC42CC564CC00BE8B1A /* Lottie */; };
		A65D5DC92CC5654B00BE8B1A /* LottieLoadingAnimations.swift in Sources */ = {isa = PBXBuildFile; fileRef = A65D5DC82CC5654B00BE8B1A /* LottieLoadingAnimations.swift */; };
		A65D5DD12CC5691200BE8B1A /* DotLottie in Frameworks */ = {isa = PBXBuildFile; productRef = A65D5DD02CC5691200BE8B1A /* DotLottie */; };
		A65D5DD32CC56B3300BE8B1A /* Animation - 1729440908376.lottie in Resources */ = {isa = PBXBuildFile; fileRef = A65D5DD22CC56B3300BE8B1A /* Animation - 1729440908376.lottie */; };
		A65D5DD52CC56D6500BE8B1A /* truckLoading.lottie in Resources */ = {isa = PBXBuildFile; fileRef = A65D5DD42CC56D6500BE8B1A /* truckLoading.lottie */; };
		A65D5DE02CC58BDB00BE8B1A /* CargoMainModel.swift in Sources */ = {isa = PBXBuildFile; fileRef = A65D5DDF2CC58BDB00BE8B1A /* CargoMainModel.swift */; };
		A65D5DE82CC8248500BE8B1A /* CameraOpen.swift in Sources */ = {isa = PBXBuildFile; fileRef = A65D5DE72CC8248500BE8B1A /* CameraOpen.swift */; };
		A65D5DEB2CC828E600BE8B1A /* MobileNetV2.mlmodel in Sources */ = {isa = PBXBuildFile; fileRef = A65D5DEA2CC828E600BE8B1A /* MobileNetV2.mlmodel */; };
		A65D5DED2CC8296A00BE8B1A /* MLModel.swift in Sources */ = {isa = PBXBuildFile; fileRef = A65D5DEC2CC8296A00BE8B1A /* MLModel.swift */; };
		A65D5DF02CC82BF500BE8B1A /* SQLite in Frameworks */ = {isa = PBXBuildFile; productRef = A65D5DEF2CC82BF500BE8B1A /* SQLite */; };
		A65D5DF32CC82E0C00BE8B1A /* ObjectNameDataBase.swift in Sources */ = {isa = PBXBuildFile; fileRef = A65D5DF22CC82E0C00BE8B1A /* ObjectNameDataBase.swift */; };
		A65D5DF62CC8300300BE8B1A /* Alamofire in Frameworks */ = {isa = PBXBuildFile; productRef = A65D5DF52CC8300300BE8B1A /* Alamofire */; };
		A65D5DFC2CC83AB700BE8B1A /* SkeletonUI in Frameworks */ = {isa = PBXBuildFile; productRef = A65D5DFB2CC83AB700BE8B1A /* SkeletonUI */; };
		A65D5DFF2CC83AD700BE8B1A /* MainViewController.swift in Sources */ = {isa = PBXBuildFile; fileRef = A65D5DFE2CC83AD700BE8B1A /* MainViewController.swift */; };
		A65D5E012CC849C300BE8B1A /* loaderLikeSiri.lottie in Resources */ = {isa = PBXBuildFile; fileRef = A65D5E002CC83B4900BE8B1A /* loaderLikeSiri.lottie */; };
		A65D5E032CC84B5400BE8B1A /* loader.lottie in Resources */ = {isa = PBXBuildFile; fileRef = A65D5E022CC84B5400BE8B1A /* loader.lottie */; };
		A65D5E052CC84BED00BE8B1A /* Animation - 1729626544136.lottie in Resources */ = {isa = PBXBuildFile; fileRef = A65D5E042CC84BED00BE8B1A /* Animation - 1729626544136.lottie */; };
		A65D5E092CC9617800BE8B1A /* NavigationViewController.swift in Sources */ = {isa = PBXBuildFile; fileRef = A65D5E082CC9617800BE8B1A /* NavigationViewController.swift */; };
		A65D5E0C2CC9622600BE8B1A /* CustomTabBar.swift in Sources */ = {isa = PBXBuildFile; fileRef = A65D5E0B2CC9622600BE8B1A /* CustomTabBar.swift */; };
		A65D5E0E2CC9848C00BE8B1A /* Resnet50.mlmodel in Sources */ = {isa = PBXBuildFile; fileRef = A65D5E0D2CC9848C00BE8B1A /* Resnet50.mlmodel */; };
/* End PBXBuildFile section */

/* Begin PBXFileReference section */
		A65D5DA82CC5617200BE8B1A /* VanishMyImage.app */ = {isa = PBXFileReference; explicitFileType = wrapper.application; includeInIndex = 0; path = VanishMyImage.app; sourceTree = BUILT_PRODUCTS_DIR; };
		A65D5DAB2CC5617200BE8B1A /* VanishMyImageApp.swift */ = {isa = PBXFileReference; lastKnownFileType = sourcecode.swift; path = VanishMyImageApp.swift; sourceTree = "<group>"; };
		A65D5DAD2CC5617200BE8B1A /* ContentView.swift */ = {isa = PBXFileReference; lastKnownFileType = sourcecode.swift; path = ContentView.swift; sourceTree = "<group>"; };
		A65D5DAF2CC5617300BE8B1A /* Assets.xcassets */ = {isa = PBXFileReference; lastKnownFileType = folder.assetcatalog; path = Assets.xcassets; sourceTree = "<group>"; };
		A65D5DB22CC5617300BE8B1A /* Preview Assets.xcassets */ = {isa = PBXFileReference; lastKnownFileType = folder.assetcatalog; path = "Preview Assets.xcassets"; sourceTree = "<group>"; };
		A65D5DB42CC5617300BE8B1A /* Persistence.swift */ = {isa = PBXFileReference; lastKnownFileType = sourcecode.swift; path = Persistence.swift; sourceTree = "<group>"; };
		A65D5DB72CC5617300BE8B1A /* VanishMyImage.xcdatamodel */ = {isa = PBXFileReference; lastKnownFileType = wrapper.xcdatamodel; path = VanishMyImage.xcdatamodel; sourceTree = "<group>"; };
		A65D5DC82CC5654B00BE8B1A /* LottieLoadingAnimations.swift */ = {isa = PBXFileReference; lastKnownFileType = sourcecode.swift; path = LottieLoadingAnimations.swift; sourceTree = "<group>"; };
		A65D5DD22CC56B3300BE8B1A /* Animation - 1729440908376.lottie */ = {isa = PBXFileReference; lastKnownFileType = file; path = "Animation - 1729440908376.lottie"; sourceTree = "<group>"; };
		A65D5DD42CC56D6500BE8B1A /* truckLoading.lottie */ = {isa = PBXFileReference; lastKnownFileType = file; path = truckLoading.lottie; sourceTree = "<group>"; };
		A65D5DDF2CC58BDB00BE8B1A /* CargoMainModel.swift */ = {isa = PBXFileReference; lastKnownFileType = sourcecode.swift; path = CargoMainModel.swift; sourceTree = "<group>"; };
		A65D5DE72CC8248500BE8B1A /* CameraOpen.swift */ = {isa = PBXFileReference; lastKnownFileType = sourcecode.swift; path = CameraOpen.swift; sourceTree = "<group>"; };
		A65D5DEA2CC828E600BE8B1A /* MobileNetV2.mlmodel */ = {isa = PBXFileReference; lastKnownFileType = file.mlmodel; path = MobileNetV2.mlmodel; sourceTree = "<group>"; };
		A65D5DEC2CC8296A00BE8B1A /* MLModel.swift */ = {isa = PBXFileReference; lastKnownFileType = sourcecode.swift; path = MLModel.swift; sourceTree = "<group>"; };
		A65D5DF22CC82E0C00BE8B1A /* ObjectNameDataBase.swift */ = {isa = PBXFileReference; lastKnownFileType = sourcecode.swift; path = ObjectNameDataBase.swift; sourceTree = "<group>"; };
		A65D5DF92CC8343200BE8B1A /* Info.plist */ = {isa = PBXFileReference; lastKnownFileType = text.plist; path = Info.plist; sourceTree = "<group>"; };
		A65D5DFE2CC83AD700BE8B1A /* MainViewController.swift */ = {isa = PBXFileReference; lastKnownFileType = sourcecode.swift; path = MainViewController.swift; sourceTree = "<group>"; };
		A65D5E002CC83B4900BE8B1A /* loaderLikeSiri.lottie */ = {isa = PBXFileReference; lastKnownFileType = file; path = loaderLikeSiri.lottie; sourceTree = "<group>"; };
		A65D5E022CC84B5400BE8B1A /* loader.lottie */ = {isa = PBXFileReference; lastKnownFileType = file; path = loader.lottie; sourceTree = "<group>"; };
		A65D5E042CC84BED00BE8B1A /* Animation - 1729626544136.lottie */ = {isa = PBXFileReference; lastKnownFileType = file; path = "Animation - 1729626544136.lottie"; sourceTree = "<group>"; };
		A65D5E082CC9617800BE8B1A /* NavigationViewController.swift */ = {isa = PBXFileReference; lastKnownFileType = sourcecode.swift; path = NavigationViewController.swift; sourceTree = "<group>"; };
		A65D5E0B2CC9622600BE8B1A /* CustomTabBar.swift */ = {isa = PBXFileReference; lastKnownFileType = sourcecode.swift; path = CustomTabBar.swift; sourceTree = "<group>"; };
		A65D5E0D2CC9848C00BE8B1A /* Resnet50.mlmodel */ = {isa = PBXFileReference; lastKnownFileType = file.mlmodel; path = Resnet50.mlmodel; sourceTree = "<group>"; };
/* End PBXFileReference section */

/* Begin PBXFrameworksBuildPhase section */
		A65D5DA52CC5617200BE8B1A /* Frameworks */ = {
			isa = PBXFrameworksBuildPhase;
			buildActionMask = 2147483647;
			files = (
				A65D5DF62CC8300300BE8B1A /* Alamofire in Frameworks */,
				A65D5DFC2CC83AB700BE8B1A /* SkeletonUI in Frameworks */,
				A65D5DF02CC82BF500BE8B1A /* SQLite in Frameworks */,
				A65D5DC02CC561AE00BE8B1A /* SnapKit in Frameworks */,
				A65D5DD12CC5691200BE8B1A /* DotLottie in Frameworks */,
				A65D5DC52CC564CC00BE8B1A /* Lottie in Frameworks */,
			);
			runOnlyForDeploymentPostprocessing = 0;
		};
/* End PBXFrameworksBuildPhase section */

/* Begin PBXGroup section */
		A65D5D9F2CC5617200BE8B1A = {
			isa = PBXGroup;
			children = (
				A65D5DAA2CC5617200BE8B1A /* VanishMyImage */,
				A65D5DA92CC5617200BE8B1A /* Products */,
			);
			sourceTree = "<group>";
		};
		A65D5DA92CC5617200BE8B1A /* Products */ = {
			isa = PBXGroup;
			children = (
				A65D5DA82CC5617200BE8B1A /* VanishMyImage.app */,
			);
			name = Products;
			sourceTree = "<group>";
		};
		A65D5DAA2CC5617200BE8B1A /* VanishMyImage */ = {
			isa = PBXGroup;
			children = (
				A65D5DF92CC8343200BE8B1A /* Info.plist */,
				A65D5DE62CC8247600BE8B1A /* Logic */,
				A65D5DDD2CC58BAF00BE8B1A /* Models */,
				A65D5DD62CC58AE800BE8B1A /* View's */,
				A65D5DC62CC5651A00BE8B1A /* SupportedContent */,
				A65D5DAB2CC5617200BE8B1A /* VanishMyImageApp.swift */,
				A65D5DAD2CC5617200BE8B1A /* ContentView.swift */,
				A65D5DAF2CC5617300BE8B1A /* Assets.xcassets */,
				A65D5DB42CC5617300BE8B1A /* Persistence.swift */,
				A65D5DB62CC5617300BE8B1A /* VanishMyImage.xcdatamodeld */,
				A65D5DB12CC5617300BE8B1A /* Preview Content */,
			);
			path = VanishMyImage;
			sourceTree = "<group>";
		};
		A65D5DB12CC5617300BE8B1A /* Preview Content */ = {
			isa = PBXGroup;
			children = (
				A65D5DB22CC5617300BE8B1A /* Preview Assets.xcassets */,
			);
			path = "Preview Content";
			sourceTree = "<group>";
		};
		A65D5DC62CC5651A00BE8B1A /* SupportedContent */ = {
			isa = PBXGroup;
			children = (
				A65D5DC72CC5652A00BE8B1A /* LottieLoadingAnimations */,
			);
			path = SupportedContent;
			sourceTree = "<group>";
		};
		A65D5DC72CC5652A00BE8B1A /* LottieLoadingAnimations */ = {
			isa = PBXGroup;
			children = (
				A65D5E042CC84BED00BE8B1A /* Animation - 1729626544136.lottie */,
				A65D5E022CC84B5400BE8B1A /* loader.lottie */,
				A65D5E002CC83B4900BE8B1A /* loaderLikeSiri.lottie */,
				A65D5DD42CC56D6500BE8B1A /* truckLoading.lottie */,
				A65D5DD22CC56B3300BE8B1A /* Animation - 1729440908376.lottie */,
				A65D5DC82CC5654B00BE8B1A /* LottieLoadingAnimations.swift */,
			);
			path = LottieLoadingAnimations;
			sourceTree = "<group>";
		};
		A65D5DD62CC58AE800BE8B1A /* View's */ = {
			isa = PBXGroup;
			children = (
				A65D5E0A2CC9621500BE8B1A /* TabBar */,
				A65D5DFD2CC83AC400BE8B1A /* MainViewController */,
				A65D5DD72CC58AF900BE8B1A /* NavigationView */,
			);
			path = "View's";
			sourceTree = "<group>";
		};
		A65D5DD72CC58AF900BE8B1A /* NavigationView */ = {
			isa = PBXGroup;
			children = (
				A65D5E082CC9617800BE8B1A /* NavigationViewController.swift */,
			);
			path = NavigationView;
			sourceTree = "<group>";
		};
		A65D5DDD2CC58BAF00BE8B1A /* Models */ = {
			isa = PBXGroup;
			children = (
				A65D5DDE2CC58BBC00BE8B1A /* CargoMainModels */,
			);
			path = Models;
			sourceTree = "<group>";
		};
		A65D5DDE2CC58BBC00BE8B1A /* CargoMainModels */ = {
			isa = PBXGroup;
			children = (
				A65D5DDF2CC58BDB00BE8B1A /* CargoMainModel.swift */,
			);
			path = CargoMainModels;
			sourceTree = "<group>";
		};
		A65D5DE62CC8247600BE8B1A /* Logic */ = {
			isa = PBXGroup;
			children = (
				A65D5DF12CC82DF300BE8B1A /* SQLDataBase */,
				A65D5DE92CC828CA00BE8B1A /* MLObjects */,
				A65D5DE72CC8248500BE8B1A /* CameraOpen.swift */,
			);
			path = Logic;
			sourceTree = "<group>";
		};
		A65D5DE92CC828CA00BE8B1A /* MLObjects */ = {
			isa = PBXGroup;
			children = (
				A65D5E0D2CC9848C00BE8B1A /* Resnet50.mlmodel */,
				A65D5DEA2CC828E600BE8B1A /* MobileNetV2.mlmodel */,
				A65D5DEC2CC8296A00BE8B1A /* MLModel.swift */,
			);
			path = MLObjects;
			sourceTree = "<group>";
		};
		A65D5DF12CC82DF300BE8B1A /* SQLDataBase */ = {
			isa = PBXGroup;
			children = (
				A65D5DF22CC82E0C00BE8B1A /* ObjectNameDataBase.swift */,
			);
			path = SQLDataBase;
			sourceTree = "<group>";
		};
		A65D5DFD2CC83AC400BE8B1A /* MainViewController */ = {
			isa = PBXGroup;
			children = (
				A65D5DFE2CC83AD700BE8B1A /* MainViewController.swift */,
			);
			path = MainViewController;
			sourceTree = "<group>";
		};
		A65D5E0A2CC9621500BE8B1A /* TabBar */ = {
			isa = PBXGroup;
			children = (
				A65D5E0B2CC9622600BE8B1A /* CustomTabBar.swift */,
			);
			path = TabBar;
			sourceTree = "<group>";
		};
/* End PBXGroup section */

/* Begin PBXNativeTarget section */
		A65D5DA72CC5617200BE8B1A /* VanishMyImage */ = {
			isa = PBXNativeTarget;
			buildConfigurationList = A65D5DBB2CC5617300BE8B1A /* Build configuration list for PBXNativeTarget "VanishMyImage" */;
			buildPhases = (
				A65D5DA42CC5617200BE8B1A /* Sources */,
				A65D5DA52CC5617200BE8B1A /* Frameworks */,
				A65D5DA62CC5617200BE8B1A /* Resources */,
			);
			buildRules = (
			);
			dependencies = (
			);
			name = VanishMyImage;
			packageProductDependencies = (
				A65D5DBF2CC561AE00BE8B1A /* SnapKit */,
				A65D5DC42CC564CC00BE8B1A /* Lottie */,
				A65D5DD02CC5691200BE8B1A /* DotLottie */,
				A65D5DEF2CC82BF500BE8B1A /* SQLite */,
				A65D5DF52CC8300300BE8B1A /* Alamofire */,
				A65D5DFB2CC83AB700BE8B1A /* SkeletonUI */,
			);
			productName = VanishMyImage;
			productReference = A65D5DA82CC5617200BE8B1A /* VanishMyImage.app */;
			productType = "com.apple.product-type.application";
		};
/* End PBXNativeTarget section */

/* Begin PBXProject section */
		A65D5DA02CC5617200BE8B1A /* Project object */ = {
			isa = PBXProject;
			attributes = {
				BuildIndependentTargetsInParallel = 1;
				LastSwiftUpdateCheck = 1510;
				LastUpgradeCheck = 1510;
				TargetAttributes = {
					A65D5DA72CC5617200BE8B1A = {
						CreatedOnToolsVersion = 15.1;
					};
				};
			};
			buildConfigurationList = A65D5DA32CC5617200BE8B1A /* Build configuration list for PBXProject "VanishMyImage" */;
			compatibilityVersion = "Xcode 14.0";
			developmentRegion = en;
			hasScannedForEncodings = 0;
			knownRegions = (
				en,
				Base,
			);
			mainGroup = A65D5D9F2CC5617200BE8B1A;
			packageReferences = (
				A65D5DBE2CC561AE00BE8B1A /* XCRemoteSwiftPackageReference "SnapKit" */,
				A65D5DC32CC564CC00BE8B1A /* XCRemoteSwiftPackageReference "lottie-ios" */,
				A65D5DCF2CC5691200BE8B1A /* XCRemoteSwiftPackageReference "dotlottie-ios" */,
				A65D5DEE2CC82BF500BE8B1A /* XCRemoteSwiftPackageReference "SQLite" */,
				A65D5DF42CC8300300BE8B1A /* XCRemoteSwiftPackageReference "Alamofire" */,
				A65D5DFA2CC83AB700BE8B1A /* XCRemoteSwiftPackageReference "SkeletonUI" */,
			);
			productRefGroup = A65D5DA92CC5617200BE8B1A /* Products */;
			projectDirPath = "";
			projectRoot = "";
			targets = (
				A65D5DA72CC5617200BE8B1A /* VanishMyImage */,
			);
		};
/* End PBXProject section */

/* Begin PBXResourcesBuildPhase section */
		A65D5DA62CC5617200BE8B1A /* Resources */ = {
			isa = PBXResourcesBuildPhase;
			buildActionMask = 2147483647;
			files = (
				A65D5E032CC84B5400BE8B1A /* loader.lottie in Resources */,
				A65D5DD32CC56B3300BE8B1A /* Animation - 1729440908376.lottie in Resources */,
				A65D5DD52CC56D6500BE8B1A /* truckLoading.lottie in Resources */,
				A65D5DB32CC5617300BE8B1A /* Preview Assets.xcassets in Resources */,
				A65D5E012CC849C300BE8B1A /* loaderLikeSiri.lottie in Resources */,
				A65D5DB02CC5617300BE8B1A /* Assets.xcassets in Resources */,
				A65D5E052CC84BED00BE8B1A /* Animation - 1729626544136.lottie in Resources */,
			);
			runOnlyForDeploymentPostprocessing = 0;
		};
/* End PBXResourcesBuildPhase section */

/* Begin PBXSourcesBuildPhase section */
		A65D5DA42CC5617200BE8B1A /* Sources */ = {
			isa = PBXSourcesBuildPhase;
			buildActionMask = 2147483647;
			files = (
				A65D5E0E2CC9848C00BE8B1A /* Resnet50.mlmodel in Sources */,
				A65D5DB82CC5617300BE8B1A /* VanishMyImage.xcdatamodeld in Sources */,
				A65D5DFF2CC83AD700BE8B1A /* MainViewController.swift in Sources */,
				A65D5DE02CC58BDB00BE8B1A /* CargoMainModel.swift in Sources */,
				A65D5E0C2CC9622600BE8B1A /* CustomTabBar.swift in Sources */,
				A65D5DC92CC5654B00BE8B1A /* LottieLoadingAnimations.swift in Sources */,
				A65D5DB52CC5617300BE8B1A /* Persistence.swift in Sources */,
				A65D5DF32CC82E0C00BE8B1A /* ObjectNameDataBase.swift in Sources */,
				A65D5DED2CC8296A00BE8B1A /* MLModel.swift in Sources */,
				A65D5DE82CC8248500BE8B1A /* CameraOpen.swift in Sources */,
				A65D5DAE2CC5617200BE8B1A /* ContentView.swift in Sources */,
				A65D5DEB2CC828E600BE8B1A /* MobileNetV2.mlmodel in Sources */,
				A65D5E092CC9617800BE8B1A /* NavigationViewController.swift in Sources */,
				A65D5DAC2CC5617200BE8B1A /* VanishMyImageApp.swift in Sources */,
			);
			runOnlyForDeploymentPostprocessing = 0;
		};
/* End PBXSourcesBuildPhase section */

/* Begin XCBuildConfiguration section */
		A65D5DB92CC5617300BE8B1A /* Debug */ = {
			isa = XCBuildConfiguration;
			buildSettings = {
				ALWAYS_SEARCH_USER_PATHS = NO;
				ASSETCATALOG_COMPILER_GENERATE_SWIFT_ASSET_SYMBOL_EXTENSIONS = YES;
				CLANG_ANALYZER_NONNULL = YES;
				CLANG_ANALYZER_NUMBER_OBJECT_CONVERSION = YES_AGGRESSIVE;
				CLANG_CXX_LANGUAGE_STANDARD = "gnu++20";
				CLANG_ENABLE_MODULES = YES;
				CLANG_ENABLE_OBJC_ARC = YES;
				CLANG_ENABLE_OBJC_WEAK = YES;
				CLANG_WARN_BLOCK_CAPTURE_AUTORELEASING = YES;
				CLANG_WARN_BOOL_CONVERSION = YES;
				CLANG_WARN_COMMA = YES;
				CLANG_WARN_CONSTANT_CONVERSION = YES;
				CLANG_WARN_DEPRECATED_OBJC_IMPLEMENTATIONS = YES;
				CLANG_WARN_DIRECT_OBJC_ISA_USAGE = YES_ERROR;
				CLANG_WARN_DOCUMENTATION_COMMENTS = YES;
				CLANG_WARN_EMPTY_BODY = YES;
				CLANG_WARN_ENUM_CONVERSION = YES;
				CLANG_WARN_INFINITE_RECURSION = YES;
				CLANG_WARN_INT_CONVERSION = YES;
				CLANG_WARN_NON_LITERAL_NULL_CONVERSION = YES;
				CLANG_WARN_OBJC_IMPLICIT_RETAIN_SELF = YES;
				CLANG_WARN_OBJC_LITERAL_CONVERSION = YES;
				CLANG_WARN_OBJC_ROOT_CLASS = YES_ERROR;
				CLANG_WARN_QUOTED_INCLUDE_IN_FRAMEWORK_HEADER = YES;
				CLANG_WARN_RANGE_LOOP_ANALYSIS = YES;
				CLANG_WARN_STRICT_PROTOTYPES = YES;
				CLANG_WARN_SUSPICIOUS_MOVE = YES;
				CLANG_WARN_UNGUARDED_AVAILABILITY = YES_AGGRESSIVE;
				CLANG_WARN_UNREACHABLE_CODE = YES;
				CLANG_WARN__DUPLICATE_METHOD_MATCH = YES;
				COPY_PHASE_STRIP = NO;
				DEBUG_INFORMATION_FORMAT = dwarf;
				ENABLE_STRICT_OBJC_MSGSEND = YES;
				ENABLE_TESTABILITY = YES;
				ENABLE_USER_SCRIPT_SANDBOXING = YES;
				GCC_C_LANGUAGE_STANDARD = gnu17;
				GCC_DYNAMIC_NO_PIC = NO;
				GCC_NO_COMMON_BLOCKS = YES;
				GCC_OPTIMIZATION_LEVEL = 0;
				GCC_PREPROCESSOR_DEFINITIONS = (
					"DEBUG=1",
					"$(inherited)",
				);
				GCC_WARN_64_TO_32_BIT_CONVERSION = YES;
				GCC_WARN_ABOUT_RETURN_TYPE = YES_ERROR;
				GCC_WARN_UNDECLARED_SELECTOR = YES;
				GCC_WARN_UNINITIALIZED_AUTOS = YES_AGGRESSIVE;
				GCC_WARN_UNUSED_FUNCTION = YES;
				GCC_WARN_UNUSED_VARIABLE = YES;
				IPHONEOS_DEPLOYMENT_TARGET = 17.2;
				LOCALIZATION_PREFERS_STRING_CATALOGS = YES;
				MTL_ENABLE_DEBUG_INFO = INCLUDE_SOURCE;
				MTL_FAST_MATH = YES;
				ONLY_ACTIVE_ARCH = YES;
				SDKROOT = iphoneos;
				SWIFT_ACTIVE_COMPILATION_CONDITIONS = "DEBUG $(inherited)";
				SWIFT_OPTIMIZATION_LEVEL = "-Onone";
			};
			name = Debug;
		};
		A65D5DBA2CC5617300BE8B1A /* Release */ = {
			isa = XCBuildConfiguration;
			buildSettings = {
				ALWAYS_SEARCH_USER_PATHS = NO;
				ASSETCATALOG_COMPILER_GENERATE_SWIFT_ASSET_SYMBOL_EXTENSIONS = YES;
				CLANG_ANALYZER_NONNULL = YES;
				CLANG_ANALYZER_NUMBER_OBJECT_CONVERSION = YES_AGGRESSIVE;
				CLANG_CXX_LANGUAGE_STANDARD = "gnu++20";
				CLANG_ENABLE_MODULES = YES;
				CLANG_ENABLE_OBJC_ARC = YES;
				CLANG_ENABLE_OBJC_WEAK = YES;
				CLANG_WARN_BLOCK_CAPTURE_AUTORELEASING = YES;
				CLANG_WARN_BOOL_CONVERSION = YES;
				CLANG_WARN_COMMA = YES;
				CLANG_WARN_CONSTANT_CONVERSION = YES;
				CLANG_WARN_DEPRECATED_OBJC_IMPLEMENTATIONS = YES;
				CLANG_WARN_DIRECT_OBJC_ISA_USAGE = YES_ERROR;
				CLANG_WARN_DOCUMENTATION_COMMENTS = YES;
				CLANG_WARN_EMPTY_BODY = YES;
				CLANG_WARN_ENUM_CONVERSION = YES;
				CLANG_WARN_INFINITE_RECURSION = YES;
				CLANG_WARN_INT_CONVERSION = YES;
				CLANG_WARN_NON_LITERAL_NULL_CONVERSION = YES;
				CLANG_WARN_OBJC_IMPLICIT_RETAIN_SELF = YES;
				CLANG_WARN_OBJC_LITERAL_CONVERSION = YES;
				CLANG_WARN_OBJC_ROOT_CLASS = YES_ERROR;
				CLANG_WARN_QUOTED_INCLUDE_IN_FRAMEWORK_HEADER = YES;
				CLANG_WARN_RANGE_LOOP_ANALYSIS = YES;
				CLANG_WARN_STRICT_PROTOTYPES = YES;
				CLANG_WARN_SUSPICIOUS_MOVE = YES;
				CLANG_WARN_UNGUARDED_AVAILABILITY = YES_AGGRESSIVE;
				CLANG_WARN_UNREACHABLE_CODE = YES;
				CLANG_WARN__DUPLICATE_METHOD_MATCH = YES;
				COPY_PHASE_STRIP = NO;
				DEBUG_INFORMATION_FORMAT = "dwarf-with-dsym";
				ENABLE_NS_ASSERTIONS = NO;
				ENABLE_STRICT_OBJC_MSGSEND = YES;
				ENABLE_USER_SCRIPT_SANDBOXING = YES;
				GCC_C_LANGUAGE_STANDARD = gnu17;
				GCC_NO_COMMON_BLOCKS = YES;
				GCC_WARN_64_TO_32_BIT_CONVERSION = YES;
				GCC_WARN_ABOUT_RETURN_TYPE = YES_ERROR;
				GCC_WARN_UNDECLARED_SELECTOR = YES;
				GCC_WARN_UNINITIALIZED_AUTOS = YES_AGGRESSIVE;
				GCC_WARN_UNUSED_FUNCTION = YES;
				GCC_WARN_UNUSED_VARIABLE = YES;
				IPHONEOS_DEPLOYMENT_TARGET = 17.2;
				LOCALIZATION_PREFERS_STRING_CATALOGS = YES;
				MTL_ENABLE_DEBUG_INFO = NO;
				MTL_FAST_MATH = YES;
				SDKROOT = iphoneos;
				SWIFT_COMPILATION_MODE = wholemodule;
				VALIDATE_PRODUCT = YES;
			};
			name = Release;
		};
		A65D5DBC2CC5617300BE8B1A /* Debug */ = {
			isa = XCBuildConfiguration;
			buildSettings = {
				ASSETCATALOG_COMPILER_APPICON_NAME = AppIcon;
				ASSETCATALOG_COMPILER_GLOBAL_ACCENT_COLOR_NAME = AccentColor;
				CODE_SIGN_STYLE = Automatic;
				CURRENT_PROJECT_VERSION = 1;
				DEVELOPMENT_ASSET_PATHS = "\"VanishMyImage/Preview Content\"";
				DEVELOPMENT_TEAM = 2249AJ7FW9;
				ENABLE_PREVIEWS = YES;
				GENERATE_INFOPLIST_FILE = YES;
				INFOPLIST_FILE = VanishMyImage/Info.plist;
				INFOPLIST_KEY_NSCameraUsageDescription = "We need access to the camera to take pictures.";
				INFOPLIST_KEY_UIApplicationSceneManifest_Generation = YES;
				INFOPLIST_KEY_UIApplicationSupportsIndirectInputEvents = YES;
				INFOPLIST_KEY_UILaunchScreen_Generation = YES;
				INFOPLIST_KEY_UISupportedInterfaceOrientations = UIInterfaceOrientationPortrait;
				INFOPLIST_KEY_UISupportedInterfaceOrientations_iPad = "UIInterfaceOrientationPortrait UIInterfaceOrientationPortraitUpsideDown";
				IPHONEOS_DEPLOYMENT_TARGET = 16.0;
				LD_RUNPATH_SEARCH_PATHS = (
					"$(inherited)",
					"@executable_path/Frameworks",
				);
				MARKETING_VERSION = 1.0;
				PRODUCT_BUNDLE_IDENTIFIER = "kirill-test-proj.VanishMyImage";
				PRODUCT_NAME = "$(TARGET_NAME)";
				SWIFT_EMIT_LOC_STRINGS = YES;
				SWIFT_VERSION = 5.0;
				TARGETED_DEVICE_FAMILY = "1,2";
			};
			name = Debug;
		};
		A65D5DBD2CC5617300BE8B1A /* Release */ = {
			isa = XCBuildConfiguration;
			buildSettings = {
				ASSETCATALOG_COMPILER_APPICON_NAME = AppIcon;
				ASSETCATALOG_COMPILER_GLOBAL_ACCENT_COLOR_NAME = AccentColor;
				CODE_SIGN_STYLE = Automatic;
				CURRENT_PROJECT_VERSION = 1;
				DEVELOPMENT_ASSET_PATHS = "\"VanishMyImage/Preview Content\"";
				DEVELOPMENT_TEAM = 2249AJ7FW9;
				ENABLE_PREVIEWS = YES;
				GENERATE_INFOPLIST_FILE = YES;
				INFOPLIST_FILE = VanishMyImage/Info.plist;
				INFOPLIST_KEY_NSCameraUsageDescription = "We need access to the camera to take pictures.";
				INFOPLIST_KEY_UIApplicationSceneManifest_Generation = YES;
				INFOPLIST_KEY_UIApplicationSupportsIndirectInputEvents = YES;
				INFOPLIST_KEY_UILaunchScreen_Generation = YES;
				INFOPLIST_KEY_UISupportedInterfaceOrientations = UIInterfaceOrientationPortrait;
				INFOPLIST_KEY_UISupportedInterfaceOrientations_iPad = "UIInterfaceOrientationPortrait UIInterfaceOrientationPortraitUpsideDown";
				IPHONEOS_DEPLOYMENT_TARGET = 16.0;
				LD_RUNPATH_SEARCH_PATHS = (
					"$(inherited)",
					"@executable_path/Frameworks",
				);
				MARKETING_VERSION = 1.0;
				PRODUCT_BUNDLE_IDENTIFIER = "kirill-test-proj.VanishMyImage";
				PRODUCT_NAME = "$(TARGET_NAME)";
				SWIFT_EMIT_LOC_STRINGS = YES;
				SWIFT_VERSION = 5.0;
				TARGETED_DEVICE_FAMILY = "1,2";
			};
			name = Release;
		};
/* End XCBuildConfiguration section */

/* Begin XCConfigurationList section */
		A65D5DA32CC5617200BE8B1A /* Build configuration list for PBXProject "VanishMyImage" */ = {
			isa = XCConfigurationList;
			buildConfigurations = (
				A65D5DB92CC5617300BE8B1A /* Debug */,
				A65D5DBA2CC5617300BE8B1A /* Release */,
			);
			defaultConfigurationIsVisible = 0;
			defaultConfigurationName = Release;
		};
		A65D5DBB2CC5617300BE8B1A /* Build configuration list for PBXNativeTarget "VanishMyImage" */ = {
			isa = XCConfigurationList;
			buildConfigurations = (
				A65D5DBC2CC5617300BE8B1A /* Debug */,
				A65D5DBD2CC5617300BE8B1A /* Release */,
			);
			defaultConfigurationIsVisible = 0;
			defaultConfigurationName = Release;
		};
/* End XCConfigurationList section */

/* Begin XCRemoteSwiftPackageReference section */
		A65D5DBE2CC561AE00BE8B1A /* XCRemoteSwiftPackageReference "SnapKit" */ = {
			isa = XCRemoteSwiftPackageReference;
			repositoryURL = "https://github.com/SnapKit/SnapKit";
			requirement = {
				kind = upToNextMajorVersion;
				minimumVersion = 5.7.1;
			};
		};
		A65D5DC32CC564CC00BE8B1A /* XCRemoteSwiftPackageReference "lottie-ios" */ = {
			isa = XCRemoteSwiftPackageReference;
			repositoryURL = "https://github.com/airbnb/lottie-ios";
			requirement = {
				kind = upToNextMajorVersion;
				minimumVersion = 4.5.0;
			};
		};
		A65D5DCF2CC5691200BE8B1A /* XCRemoteSwiftPackageReference "dotlottie-ios" */ = {
			isa = XCRemoteSwiftPackageReference;
			repositoryURL = "https://github.com/LottieFiles/dotlottie-ios";
			requirement = {
				branch = main;
				kind = branch;
			};
		};
		A65D5DEE2CC82BF500BE8B1A /* XCRemoteSwiftPackageReference "SQLite" */ = {
			isa = XCRemoteSwiftPackageReference;
			repositoryURL = "https://github.com/stephencelis/SQLite.swift";
			requirement = {
				kind = upToNextMajorVersion;
				minimumVersion = 0.15.3;
			};
		};
		A65D5DF42CC8300300BE8B1A /* XCRemoteSwiftPackageReference "Alamofire" */ = {
			isa = XCRemoteSwiftPackageReference;
			repositoryURL = "https://github.com/Alamofire/Alamofire";
			requirement = {
				kind = upToNextMajorVersion;
				minimumVersion = 5.10.1;
			};
		};
		A65D5DFA2CC83AB700BE8B1A /* XCRemoteSwiftPackageReference "SkeletonUI" */ = {
			isa = XCRemoteSwiftPackageReference;
			repositoryURL = "https://github.com/CSolanaM/SkeletonUI";
			requirement = {
				kind = upToNextMajorVersion;
				minimumVersion = 2.0.2;
			};
		};
/* End XCRemoteSwiftPackageReference section */

/* Begin XCSwiftPackageProductDependency section */
		A65D5DBF2CC561AE00BE8B1A /* SnapKit */ = {
			isa = XCSwiftPackageProductDependency;
			package = A65D5DBE2CC561AE00BE8B1A /* XCRemoteSwiftPackageReference "SnapKit" */;
			productName = SnapKit;
		};
		A65D5DC42CC564CC00BE8B1A /* Lottie */ = {
			isa = XCSwiftPackageProductDependency;
			package = A65D5DC32CC564CC00BE8B1A /* XCRemoteSwiftPackageReference "lottie-ios" */;
			productName = Lottie;
		};
		A65D5DD02CC5691200BE8B1A /* DotLottie */ = {
			isa = XCSwiftPackageProductDependency;
			package = A65D5DCF2CC5691200BE8B1A /* XCRemoteSwiftPackageReference "dotlottie-ios" */;
			productName = DotLottie;
		};
		A65D5DEF2CC82BF500BE8B1A /* SQLite */ = {
			isa = XCSwiftPackageProductDependency;
			package = A65D5DEE2CC82BF500BE8B1A /* XCRemoteSwiftPackageReference "SQLite" */;
			productName = SQLite;
		};
		A65D5DF52CC8300300BE8B1A /* Alamofire */ = {
			isa = XCSwiftPackageProductDependency;
			package = A65D5DF42CC8300300BE8B1A /* XCRemoteSwiftPackageReference "Alamofire" */;
			productName = Alamofire;
		};
		A65D5DFB2CC83AB700BE8B1A /* SkeletonUI */ = {
			isa = XCSwiftPackageProductDependency;
			package = A65D5DFA2CC83AB700BE8B1A /* XCRemoteSwiftPackageReference "SkeletonUI" */;
			productName = SkeletonUI;
		};
/* End XCSwiftPackageProductDependency section */

/* Begin XCVersionGroup section */
		A65D5DB62CC5617300BE8B1A /* VanishMyImage.xcdatamodeld */ = {
			isa = XCVersionGroup;
			children = (
				A65D5DB72CC5617300BE8B1A /* VanishMyImage.xcdatamodel */,
			);
			currentVersion = A65D5DB72CC5617300BE8B1A /* VanishMyImage.xcdatamodel */;
			path = VanishMyImage.xcdatamodeld;
			sourceTree = "<group>";
			versionGroupType = wrapper.xcdatamodel;
		};
/* End XCVersionGroup section */
	};
	rootObject = A65D5DA02CC5617200BE8B1A /* Project object */;
}
